// !$*UTF8*$!
{
	archiveVersion = 1;
	classes = {
	};
	objectVersion = 77;
	objects = {

/* Begin PBXBuildFile section */
		00A1AC747CA75E6F665E4F10 /* LogView.swift in Sources */ = {isa = PBXBuildFile; fileRef = 667AB3AB867787C8964D0A85 /* LogView.swift */; };
		00EFA7125AC315C627347792 /* UsageAPIClient.swift in Sources */ = {isa = PBXBuildFile; fileRef = AE9CD5B9855FD5B8D812965C /* UsageAPIClient.swift */; };
		12DC9491BE25F7F44A0D57DB /* UsageSnapshot.swift in Sources */ = {isa = PBXBuildFile; fileRef = 72F50A63E9A5E2ED104CEA68 /* UsageSnapshot.swift */; };
		130B4F55012758C6EDE7A700 /* PKCE.swift in Sources */ = {isa = PBXBuildFile; fileRef = 2ABBCE01D91CD4FC6CBAE5EC /* PKCE.swift */; };
		14647900ED96DA486A859769 /* Account.swift in Sources */ = {isa = PBXBuildFile; fileRef = 1D25F4EE10E0E30E9DA8EF5E /* Account.swift */; };
		1EF9169F75CD06B22923E0D2 /* GeminiLoginWindowController.swift in Sources */ = {isa = PBXBuildFile; fileRef = 02658E33F724C7ABDCF7D358 /* GeminiLoginWindowController.swift */; };
		2A11CCED5AF8F9C71088B3E5 /* GeminiWebUsageAPIClient.swift in Sources */ = {isa = PBXBuildFile; fileRef = FF1B5A68E8FDF8ACB3F9061F /* GeminiWebUsageAPIClient.swift */; };
		353B9152B7161F3CF6F2CC78 /* AppLoggerTests.swift in Sources */ = {isa = PBXBuildFile; fileRef = A7346725616657E70BCDC35E /* AppLoggerTests.swift */; };
		35464FB53D216DC50DBAE91B /* UsageSnapshotTests.swift in Sources */ = {isa = PBXBuildFile; fileRef = FFA13822FE222604BD511F1B /* UsageSnapshotTests.swift */; };
		4028F323F360770C870195DD /* CredentialProvider.swift in Sources */ = {isa = PBXBuildFile; fileRef = 6F6DA8A11DE0F05153B0CEF7 /* CredentialProvider.swift */; };
		4343881293D1198483F90680 /* AppLogger.swift in Sources */ = {isa = PBXBuildFile; fileRef = CF35D59495A8A33F88569B32 /* AppLogger.swift */; };
		5E722704D2E1C7B8E689DBC2 /* GeminiWebCredentialProvider.swift in Sources */ = {isa = PBXBuildFile; fileRef = BE4E5C3F3B6AAB22819C4728 /* GeminiWebCredentialProvider.swift */; };
		64B28CA5A8970010980CD8CB /* AntigravityUsageParser.swift in Sources */ = {isa = PBXBuildFile; fileRef = FA5C1CCD8445E0F3250E5A68 /* AntigravityUsageParser.swift */; };
		662B16896F9DE5165B1BF228 /* LoginWindowController.swift in Sources */ = {isa = PBXBuildFile; fileRef = 9BFED8267EA0AB31F63ADBFB /* LoginWindowController.swift */; };
		6EA649ED18E7CE927BE2549E /* Assets.xcassets in Resources */ = {isa = PBXBuildFile; fileRef = B81334DBAD056F30B1ADA597 /* Assets.xcassets */; };
		82B2B8C9C1D06B44397CB554 /* AntigravityUsageParserTests.swift in Sources */ = {isa = PBXBuildFile; fileRef = 6F89649C9474C8CFA7B133F7 /* AntigravityUsageParserTests.swift */; };
		9B7631720A4A9A283B8D4AEC /* AntigravityOAuthController.swift in Sources */ = {isa = PBXBuildFile; fileRef = 33481B48194CEDCCB855CF2A /* AntigravityOAuthController.swift */; };
		A8031F64124761FA867578C4 /* OAuthTests.swift in Sources */ = {isa = PBXBuildFile; fileRef = EF7131FECA7A4445C253FB70 /* OAuthTests.swift */; };
		C6B411781A00B3443DA21365 /* AntigravityUsageAPIClient.swift in Sources */ = {isa = PBXBuildFile; fileRef = 047D069DE6ADE26967D65998 /* AntigravityUsageAPIClient.swift */; };
		C6C834CDBC95410F5B8445B4 /* AccountTests.swift in Sources */ = {isa = PBXBuildFile; fileRef = 817E3F64787C393431ABBA82 /* AccountTests.swift */; };
		C77D98D6667D219AC47304EA /* AntigravityCredentialProvider.swift in Sources */ = {isa = PBXBuildFile; fileRef = 8044ADCFC367BF2483C17AC7 /* AntigravityCredentialProvider.swift */; };
		C961187C7A79575312378188 /* GeminiWebUsageParserTests.swift in Sources */ = {isa = PBXBuildFile; fileRef = 6EE03DC980A25F9712FB411D /* GeminiWebUsageParserTests.swift */; };
		CA4302E895361BF904DF1A2B /* WidgetViewModel.swift in Sources */ = {isa = PBXBuildFile; fileRef = 242EB8675DEF503352E3AC40 /* WidgetViewModel.swift */; };
		D0E0211D55C14E975C49BF7F /* TokenUsageWidgetApp.swift in Sources */ = {isa = PBXBuildFile; fileRef = 7243E79530E8C0A5F04C08F7 /* TokenUsageWidgetApp.swift */; };
		D155E7E2539E17AAC68DFCAB /* LocalOAuthServer.swift in Sources */ = {isa = PBXBuildFile; fileRef = 3B89377E1BFF9E70F9140DFF /* LocalOAuthServer.swift */; };
		EEC886DE7A040AADCB7BE2B8 /* ConfigurationView.swift in Sources */ = {isa = PBXBuildFile; fileRef = A4037756A4F5BD17B2175131 /* ConfigurationView.swift */; };
		FB6E146CC31B10F2E5B6428D /* GeminiWebUsageParser.swift in Sources */ = {isa = PBXBuildFile; fileRef = 8A88626B72569C8BECF07698 /* GeminiWebUsageParser.swift */; };
/* End PBXBuildFile section */

/* Begin PBXContainerItemProxy section */
		3F1EACC42983C0629DF5F33E /* PBXContainerItemProxy */ = {
			isa = PBXContainerItemProxy;
			containerPortal = 91A53B64C348914086A49E52 /* Project object */;
			proxyType = 1;
			remoteGlobalIDString = F561ED511372263C4F50B895;
			remoteInfo = TokenUsageWidget;
		};
/* End PBXContainerItemProxy section */

/* Begin PBXFileReference section */
		02658E33F724C7ABDCF7D358 /* GeminiLoginWindowController.swift */ = {isa = PBXFileReference; lastKnownFileType = sourcecode.swift; path = GeminiLoginWindowController.swift; sourceTree = "<group>"; };
		047D069DE6ADE26967D65998 /* AntigravityUsageAPIClient.swift */ = {isa = PBXFileReference; lastKnownFileType = sourcecode.swift; path = AntigravityUsageAPIClient.swift; sourceTree = "<group>"; };
		1D25F4EE10E0E30E9DA8EF5E /* Account.swift */ = {isa = PBXFileReference; lastKnownFileType = sourcecode.swift; path = Account.swift; sourceTree = "<group>"; };
		242EB8675DEF503352E3AC40 /* WidgetViewModel.swift */ = {isa = PBXFileReference; lastKnownFileType = sourcecode.swift; path = WidgetViewModel.swift; sourceTree = "<group>"; };
		2ABBCE01D91CD4FC6CBAE5EC /* PKCE.swift */ = {isa = PBXFileReference; lastKnownFileType = sourcecode.swift; path = PKCE.swift; sourceTree = "<group>"; };
		33481B48194CEDCCB855CF2A /* AntigravityOAuthController.swift */ = {isa = PBXFileReference; lastKnownFileType = sourcecode.swift; path = AntigravityOAuthController.swift; sourceTree = "<group>"; };
		3B89377E1BFF9E70F9140DFF /* LocalOAuthServer.swift */ = {isa = PBXFileReference; lastKnownFileType = sourcecode.swift; path = LocalOAuthServer.swift; sourceTree = "<group>"; };
		667AB3AB867787C8964D0A85 /* LogView.swift */ = {isa = PBXFileReference; lastKnownFileType = sourcecode.swift; path = LogView.swift; sourceTree = "<group>"; };
		6EE03DC980A25F9712FB411D /* GeminiWebUsageParserTests.swift */ = {isa = PBXFileReference; lastKnownFileType = sourcecode.swift; path = GeminiWebUsageParserTests.swift; sourceTree = "<group>"; };
		6F6DA8A11DE0F05153B0CEF7 /* CredentialProvider.swift */ = {isa = PBXFileReference; lastKnownFileType = sourcecode.swift; path = CredentialProvider.swift; sourceTree = "<group>"; };
		6F89649C9474C8CFA7B133F7 /* AntigravityUsageParserTests.swift */ = {isa = PBXFileReference; lastKnownFileType = sourcecode.swift; path = AntigravityUsageParserTests.swift; sourceTree = "<group>"; };
		7243E79530E8C0A5F04C08F7 /* TokenUsageWidgetApp.swift */ = {isa = PBXFileReference; lastKnownFileType = sourcecode.swift; path = TokenUsageWidgetApp.swift; sourceTree = "<group>"; };
		72F50A63E9A5E2ED104CEA68 /* UsageSnapshot.swift */ = {isa = PBXFileReference; lastKnownFileType = sourcecode.swift; path = UsageSnapshot.swift; sourceTree = "<group>"; };
		8044ADCFC367BF2483C17AC7 /* AntigravityCredentialProvider.swift */ = {isa = PBXFileReference; lastKnownFileType = sourcecode.swift; path = AntigravityCredentialProvider.swift; sourceTree = "<group>"; };
		817E3F64787C393431ABBA82 /* AccountTests.swift */ = {isa = PBXFileReference; lastKnownFileType = sourcecode.swift; path = AccountTests.swift; sourceTree = "<group>"; };
		8A88626B72569C8BECF07698 /* GeminiWebUsageParser.swift */ = {isa = PBXFileReference; lastKnownFileType = sourcecode.swift; path = GeminiWebUsageParser.swift; sourceTree = "<group>"; };
		9BFED8267EA0AB31F63ADBFB /* LoginWindowController.swift */ = {isa = PBXFileReference; lastKnownFileType = sourcecode.swift; path = LoginWindowController.swift; sourceTree = "<group>"; };
		A4037756A4F5BD17B2175131 /* ConfigurationView.swift */ = {isa = PBXFileReference; lastKnownFileType = sourcecode.swift; path = ConfigurationView.swift; sourceTree = "<group>"; };
		A7346725616657E70BCDC35E /* AppLoggerTests.swift */ = {isa = PBXFileReference; lastKnownFileType = sourcecode.swift; path = AppLoggerTests.swift; sourceTree = "<group>"; };
		AE9CD5B9855FD5B8D812965C /* UsageAPIClient.swift */ = {isa = PBXFileReference; lastKnownFileType = sourcecode.swift; path = UsageAPIClient.swift; sourceTree = "<group>"; };
		B337F51FAEE910726B20F694 /* TokenUsageWidget.app */ = {isa = PBXFileReference; explicitFileType = wrapper.application; includeInIndex = 0; path = TokenUsageWidget.app; sourceTree = BUILT_PRODUCTS_DIR; };
		B81334DBAD056F30B1ADA597 /* Assets.xcassets */ = {isa = PBXFileReference; lastKnownFileType = folder.assetcatalog; path = Assets.xcassets; sourceTree = "<group>"; };
		BE4E5C3F3B6AAB22819C4728 /* GeminiWebCredentialProvider.swift */ = {isa = PBXFileReference; lastKnownFileType = sourcecode.swift; path = GeminiWebCredentialProvider.swift; sourceTree = "<group>"; };
		CF35D59495A8A33F88569B32 /* AppLogger.swift */ = {isa = PBXFileReference; lastKnownFileType = sourcecode.swift; path = AppLogger.swift; sourceTree = "<group>"; };
		DD8BD83F12B467CF60604B87 /* TokenUsageWidgetTests.xctest */ = {isa = PBXFileReference; explicitFileType = wrapper.cfbundle; includeInIndex = 0; path = TokenUsageWidgetTests.xctest; sourceTree = BUILT_PRODUCTS_DIR; };
		EF7131FECA7A4445C253FB70 /* OAuthTests.swift */ = {isa = PBXFileReference; lastKnownFileType = sourcecode.swift; path = OAuthTests.swift; sourceTree = "<group>"; };
		FA5C1CCD8445E0F3250E5A68 /* AntigravityUsageParser.swift */ = {isa = PBXFileReference; lastKnownFileType = sourcecode.swift; path = AntigravityUsageParser.swift; sourceTree = "<group>"; };
		FF1B5A68E8FDF8ACB3F9061F /* GeminiWebUsageAPIClient.swift */ = {isa = PBXFileReference; lastKnownFileType = sourcecode.swift; path = GeminiWebUsageAPIClient.swift; sourceTree = "<group>"; };
		FFA13822FE222604BD511F1B /* UsageSnapshotTests.swift */ = {isa = PBXFileReference; lastKnownFileType = sourcecode.swift; path = UsageSnapshotTests.swift; sourceTree = "<group>"; };
/* End PBXFileReference section */

/* Begin PBXGroup section */
		03430508A197B938BB76ECB0 /* Products */ = {
			isa = PBXGroup;
			children = (
				B337F51FAEE910726B20F694 /* TokenUsageWidget.app */,
				DD8BD83F12B467CF60604B87 /* TokenUsageWidgetTests.xctest */,
			);
			name = Products;
			sourceTree = "<group>";
		};
		092FA76282F996B16DF353A6 /* OAuth */ = {
			isa = PBXGroup;
			children = (
				EF7131FECA7A4445C253FB70 /* OAuthTests.swift */,
			);
			path = OAuth;
			sourceTree = "<group>";
		};
		1C97E38098081955239B15F5 = {
			isa = PBXGroup;
			children = (
				930724F56780BFB26715E05C /* TokenUsageWidget */,
				9C350C059D5DE080142F5F7D /* TokenUsageWidgetTests */,
				03430508A197B938BB76ECB0 /* Products */,
			);
			sourceTree = "<group>";
		};
		930724F56780BFB26715E05C /* TokenUsageWidget */ = {
			isa = PBXGroup;
			children = (
				1D25F4EE10E0E30E9DA8EF5E /* Account.swift */,
				8044ADCFC367BF2483C17AC7 /* AntigravityCredentialProvider.swift */,
				047D069DE6ADE26967D65998 /* AntigravityUsageAPIClient.swift */,
				FA5C1CCD8445E0F3250E5A68 /* AntigravityUsageParser.swift */,
				CF35D59495A8A33F88569B32 /* AppLogger.swift */,
				B81334DBAD056F30B1ADA597 /* Assets.xcassets */,
				A4037756A4F5BD17B2175131 /* ConfigurationView.swift */,
				6F6DA8A11DE0F05153B0CEF7 /* CredentialProvider.swift */,
				02658E33F724C7ABDCF7D358 /* GeminiLoginWindowController.swift */,
				BE4E5C3F3B6AAB22819C4728 /* GeminiWebCredentialProvider.swift */,
				FF1B5A68E8FDF8ACB3F9061F /* GeminiWebUsageAPIClient.swift */,
				8A88626B72569C8BECF07698 /* GeminiWebUsageParser.swift */,
				9BFED8267EA0AB31F63ADBFB /* LoginWindowController.swift */,
				667AB3AB867787C8964D0A85 /* LogView.swift */,
				7243E79530E8C0A5F04C08F7 /* TokenUsageWidgetApp.swift */,
				AE9CD5B9855FD5B8D812965C /* UsageAPIClient.swift */,
				72F50A63E9A5E2ED104CEA68 /* UsageSnapshot.swift */,
				242EB8675DEF503352E3AC40 /* WidgetViewModel.swift */,
				9F5AF9B83452CF14643FB105 /* OAuth */,
			);
			name = TokenUsageWidget;
			path = Sources/TokenUsageWidget;
			sourceTree = "<group>";
		};
		9C350C059D5DE080142F5F7D /* TokenUsageWidgetTests */ = {
			isa = PBXGroup;
			children = (
				817E3F64787C393431ABBA82 /* AccountTests.swift */,
				6F89649C9474C8CFA7B133F7 /* AntigravityUsageParserTests.swift */,
				A7346725616657E70BCDC35E /* AppLoggerTests.swift */,
				6EE03DC980A25F9712FB411D /* GeminiWebUsageParserTests.swift */,
				FFA13822FE222604BD511F1B /* UsageSnapshotTests.swift */,
				092FA76282F996B16DF353A6 /* OAuth */,
			);
			name = TokenUsageWidgetTests;
			path = Tests/TokenUsageWidgetTests;
			sourceTree = "<group>";
		};
		9F5AF9B83452CF14643FB105 /* OAuth */ = {
			isa = PBXGroup;
			children = (
				33481B48194CEDCCB855CF2A /* AntigravityOAuthController.swift */,
				3B89377E1BFF9E70F9140DFF /* LocalOAuthServer.swift */,
				2ABBCE01D91CD4FC6CBAE5EC /* PKCE.swift */,
			);
			path = OAuth;
			sourceTree = "<group>";
		};
/* End PBXGroup section */

/* Begin PBXNativeTarget section */
		A5F40E70718E876BBC8F71F5 /* TokenUsageWidgetTests */ = {
			isa = PBXNativeTarget;
			buildConfigurationList = CC885B016B1CAEDD4AC70C62 /* Build configuration list for PBXNativeTarget "TokenUsageWidgetTests" */;
			buildPhases = (
				67F0F3A68B105F88E26F270E /* Sources */,
			);
			buildRules = (
			);
			dependencies = (
				F9770EA190A60B3D8FC21167 /* PBXTargetDependency */,
			);
			name = TokenUsageWidgetTests;
			packageProductDependencies = (
			);
			productName = TokenUsageWidgetTests;
			productReference = DD8BD83F12B467CF60604B87 /* TokenUsageWidgetTests.xctest */;
			productType = "com.apple.product-type.bundle.unit-test";
		};
		F561ED511372263C4F50B895 /* TokenUsageWidget */ = {
			isa = PBXNativeTarget;
			buildConfigurationList = A27A6DA083E6D8260BDD1BD5 /* Build configuration list for PBXNativeTarget "TokenUsageWidget" */;
			buildPhases = (
				148A7096C8D5D6C7BA92215D /* Sources */,
				A232B5AE82BD7FF5341362ED /* Resources */,
			);
			buildRules = (
			);
			dependencies = (
			);
			name = TokenUsageWidget;
			packageProductDependencies = (
			);
			productName = TokenUsageWidget;
			productReference = B337F51FAEE910726B20F694 /* TokenUsageWidget.app */;
			productType = "com.apple.product-type.application";
		};
/* End PBXNativeTarget section */

/* Begin PBXProject section */
		91A53B64C348914086A49E52 /* Project object */ = {
			isa = PBXProject;
			attributes = {
				BuildIndependentTargetsInParallel = YES;
				LastUpgradeCheck = 1430;
				TargetAttributes = {
				};
			};
			buildConfigurationList = 44B15DF5FB28C05DCF274EC4 /* Build configuration list for PBXProject "TokenUsageWidget" */;
			developmentRegion = en;
			hasScannedForEncodings = 0;
			knownRegions = (
				Base,
				en,
			);
			mainGroup = 1C97E38098081955239B15F5;
			minimizedProjectReferenceProxies = 1;
			preferredProjectObjectVersion = 77;
			productRefGroup = 03430508A197B938BB76ECB0 /* Products */;
			projectDirPath = "";
			projectRoot = "";
			targets = (
				F561ED511372263C4F50B895 /* TokenUsageWidget */,
				A5F40E70718E876BBC8F71F5 /* TokenUsageWidgetTests */,
			);
		};
/* End PBXProject section */

/* Begin PBXResourcesBuildPhase section */
		A232B5AE82BD7FF5341362ED /* Resources */ = {
			isa = PBXResourcesBuildPhase;
			buildActionMask = 2147483647;
			files = (
				6EA649ED18E7CE927BE2549E /* Assets.xcassets in Resources */,
			);
			runOnlyForDeploymentPostprocessing = 0;
		};
/* End PBXResourcesBuildPhase section */

/* Begin PBXSourcesBuildPhase section */
		148A7096C8D5D6C7BA92215D /* Sources */ = {
			isa = PBXSourcesBuildPhase;
			buildActionMask = 2147483647;
			files = (
				14647900ED96DA486A859769 /* Account.swift in Sources */,
				C77D98D6667D219AC47304EA /* AntigravityCredentialProvider.swift in Sources */,
				9B7631720A4A9A283B8D4AEC /* AntigravityOAuthController.swift in Sources */,
				C6B411781A00B3443DA21365 /* AntigravityUsageAPIClient.swift in Sources */,
				64B28CA5A8970010980CD8CB /* AntigravityUsageParser.swift in Sources */,
				4343881293D1198483F90680 /* AppLogger.swift in Sources */,
				EEC886DE7A040AADCB7BE2B8 /* ConfigurationView.swift in Sources */,
				4028F323F360770C870195DD /* CredentialProvider.swift in Sources */,
				1EF9169F75CD06B22923E0D2 /* GeminiLoginWindowController.swift in Sources */,
				5E722704D2E1C7B8E689DBC2 /* GeminiWebCredentialProvider.swift in Sources */,
				2A11CCED5AF8F9C71088B3E5 /* GeminiWebUsageAPIClient.swift in Sources */,
				FB6E146CC31B10F2E5B6428D /* GeminiWebUsageParser.swift in Sources */,
				D155E7E2539E17AAC68DFCAB /* LocalOAuthServer.swift in Sources */,
				00A1AC747CA75E6F665E4F10 /* LogView.swift in Sources */,
				662B16896F9DE5165B1BF228 /* LoginWindowController.swift in Sources */,
				130B4F55012758C6EDE7A700 /* PKCE.swift in Sources */,
				D0E0211D55C14E975C49BF7F /* TokenUsageWidgetApp.swift in Sources */,
				00EFA7125AC315C627347792 /* UsageAPIClient.swift in Sources */,
				12DC9491BE25F7F44A0D57DB /* UsageSnapshot.swift in Sources */,
				CA4302E895361BF904DF1A2B /* WidgetViewModel.swift in Sources */,
			);
			runOnlyForDeploymentPostprocessing = 0;
		};
		67F0F3A68B105F88E26F270E /* Sources */ = {
			isa = PBXSourcesBuildPhase;
			buildActionMask = 2147483647;
			files = (
				C6C834CDBC95410F5B8445B4 /* AccountTests.swift in Sources */,
				82B2B8C9C1D06B44397CB554 /* AntigravityUsageParserTests.swift in Sources */,
				353B9152B7161F3CF6F2CC78 /* AppLoggerTests.swift in Sources */,
				C961187C7A79575312378188 /* GeminiWebUsageParserTests.swift in Sources */,
				A8031F64124761FA867578C4 /* OAuthTests.swift in Sources */,
				35464FB53D216DC50DBAE91B /* UsageSnapshotTests.swift in Sources */,
			);
			runOnlyForDeploymentPostprocessing = 0;
		};
/* End PBXSourcesBuildPhase section */

/* Begin PBXTargetDependency section */
		F9770EA190A60B3D8FC21167 /* PBXTargetDependency */ = {
			isa = PBXTargetDependency;
			target = F561ED511372263C4F50B895 /* TokenUsageWidget */;
			targetProxy = 3F1EACC42983C0629DF5F33E /* PBXContainerItemProxy */;
		};
/* End PBXTargetDependency section */

/* Begin XCBuildConfiguration section */
		29FA12E50C4215FB2CE654E8 /* Release */ = {
			isa = XCBuildConfiguration;
			buildSettings = {
				ASSETCATALOG_COMPILER_APPICON_NAME = AppIcon;
				COMBINE_HIDPI_IMAGES = YES;
				INFOPLIST_FILE = Info.plist;
				LD_RUNPATH_SEARCH_PATHS = (
					"$(inherited)",
					"@executable_path/../Frameworks",
				);
				MACOSX_DEPLOYMENT_TARGET = 14.0;
				PRODUCT_BUNDLE_IDENTIFIER = com.chris.TokenUsageWidget;
				SDKROOT = macosx;
			};
			name = Release;
		};
		399519AE465105BDD1AB19B2 /* Debug */ = {
			isa = XCBuildConfiguration;
			buildSettings = {
				ALWAYS_SEARCH_USER_PATHS = NO;
				CLANG_ANALYZER_NONNULL = YES;
				CLANG_ANALYZER_NUMBER_OBJECT_CONVERSION = YES_AGGRESSIVE;
				CLANG_CXX_LANGUAGE_STANDARD = "gnu++14";
				CLANG_CXX_LIBRARY = "libc++";
				CLANG_ENABLE_MODULES = YES;
				CLANG_ENABLE_OBJC_ARC = YES;
				CLANG_ENABLE_OBJC_WEAK = YES;
				CLANG_WARN_BLOCK_CAPTURE_AUTORELEASING = YES;
				CLANG_WARN_BOOL_CONVERSION = YES;
				CLANG_WARN_COMMA = YES;
				CLANG_WARN_CONSTANT_CONVERSION = YES;
				CLANG_WARN_DEPRECATED_OBJC_IMPLEMENTATIONS = YES;
				CLANG_WARN_DIRECT_OBJC_ISA_USAGE = YES_ERROR;
				CLANG_WARN_DOCUMENTATION_COMMENTS = YES;
				CLANG_WARN_EMPTY_BODY = YES;
				CLANG_WARN_ENUM_CONVERSION = YES;
				CLANG_WARN_INFINITE_RECURSION = YES;
				CLANG_WARN_INT_CONVERSION = YES;
				CLANG_WARN_NON_LITERAL_NULL_CONVERSION = YES;
				CLANG_WARN_OBJC_IMPLICIT_RETAIN_SELF = YES;
				CLANG_WARN_OBJC_LITERAL_CONVERSION = YES;
				CLANG_WARN_OBJC_ROOT_CLASS = YES_ERROR;
				CLANG_WARN_QUOTED_INCLUDE_IN_FRAMEWORK_HEADER = YES;
				CLANG_WARN_RANGE_LOOP_ANALYSIS = YES;
				CLANG_WARN_STRICT_PROTOTYPES = YES;
				CLANG_WARN_SUSPICIOUS_MOVE = YES;
				CLANG_WARN_UNGUARDED_AVAILABILITY = YES_AGGRESSIVE;
				CLANG_WARN_UNREACHABLE_CODE = YES;
				CLANG_WARN__DUPLICATE_METHOD_MATCH = YES;
				COPY_PHASE_STRIP = NO;
				DEBUG_INFORMATION_FORMAT = dwarf;
				ENABLE_STRICT_OBJC_MSGSEND = YES;
				ENABLE_TESTABILITY = YES;
				GCC_C_LANGUAGE_STANDARD = gnu11;
				GCC_DYNAMIC_NO_PIC = NO;
				GCC_NO_COMMON_BLOCKS = YES;
				GCC_OPTIMIZATION_LEVEL = 0;
				GCC_PREPROCESSOR_DEFINITIONS = (
					"$(inherited)",
					"DEBUG=1",
				);
				GCC_WARN_64_TO_32_BIT_CONVERSION = YES;
				GCC_WARN_ABOUT_RETURN_TYPE = YES_ERROR;
				GCC_WARN_UNDECLARED_SELECTOR = YES;
				GCC_WARN_UNINITIALIZED_AUTOS = YES_AGGRESSIVE;
				GCC_WARN_UNUSED_FUNCTION = YES;
				GCC_WARN_UNUSED_VARIABLE = YES;
				MTL_ENABLE_DEBUG_INFO = INCLUDE_SOURCE;
				MTL_FAST_MATH = YES;
				ONLY_ACTIVE_ARCH = YES;
				PRODUCT_NAME = "$(TARGET_NAME)";
				SDKROOT = macosx;
				SWIFT_ACTIVE_COMPILATION_CONDITIONS = DEBUG;
				SWIFT_OPTIMIZATION_LEVEL = "-Onone";
				SWIFT_VERSION = 5.0;
			};
			name = Debug;
		};
		BD60B327144A4C6A927FD77A /* Debug */ = {
			isa = XCBuildConfiguration;
			buildSettings = {
				BUNDLE_LOADER = "$(TEST_HOST)";
				COMBINE_HIDPI_IMAGES = YES;
				GENERATE_INFOPLIST_FILE = YES;
				LD_RUNPATH_SEARCH_PATHS = (
					"$(inherited)",
					"@executable_path/../Frameworks",
					"@loader_path/../Frameworks",
				);
				MACOSX_DEPLOYMENT_TARGET = 14.0;
				PRODUCT_BUNDLE_IDENTIFIER = com.chris.TokenUsageWidgetTests;
				SDKROOT = macosx;
				TEST_HOST = "$(BUILT_PRODUCTS_DIR)/TokenUsageWidget.app/Contents/MacOS/TokenUsageWidget";
			};
			name = Debug;
		};
		D0ED1F8B25C74A2D9AD51B0E /* Debug */ = {
			isa = XCBuildConfiguration;
			buildSettings = {
				ASSETCATALOG_COMPILER_APPICON_NAME = AppIcon;
				COMBINE_HIDPI_IMAGES = YES;
				INFOPLIST_FILE = Info.plist;
				LD_RUNPATH_SEARCH_PATHS = (
					"$(inherited)",
					"@executable_path/../Frameworks",
				);
				MACOSX_DEPLOYMENT_TARGET = 14.0;
				PRODUCT_BUNDLE_IDENTIFIER = com.chris.TokenUsageWidget;
				SDKROOT = macosx;
			};
			name = Debug;
		};
		D29B2765366C60FF6421EFE4 /* Release */ = {
			isa = XCBuildConfiguration;
			buildSettings = {
				BUNDLE_LOADER = "$(TEST_HOST)";
				COMBINE_HIDPI_IMAGES = YES;
				GENERATE_INFOPLIST_FILE = YES;
				LD_RUNPATH_SEARCH_PATHS = (
					"$(inherited)",
					"@executable_path/../Frameworks",
					"@loader_path/../Frameworks",
				);
				MACOSX_DEPLOYMENT_TARGET = 14.0;
				PRODUCT_BUNDLE_IDENTIFIER = com.chris.TokenUsageWidgetTests;
				SDKROOT = macosx;
				TEST_HOST = "$(BUILT_PRODUCTS_DIR)/TokenUsageWidget.app/Contents/MacOS/TokenUsageWidget";
			};
			name = Release;
		};
		DE13F7FA0055E99FDEE3B66C /* Release */ = {
			isa = XCBuildConfiguration;
			buildSettings = {
				ALWAYS_SEARCH_USER_PATHS = NO;
				CLANG_ANALYZER_NONNULL = YES;
				CLANG_ANALYZER_NUMBER_OBJECT_CONVERSION = YES_AGGRESSIVE;
				CLANG_CXX_LANGUAGE_STANDARD = "gnu++14";
				CLANG_CXX_LIBRARY = "libc++";
				CLANG_ENABLE_MODULES = YES;
				CLANG_ENABLE_OBJC_ARC = YES;
				CLANG_ENABLE_OBJC_WEAK = YES;
				CLANG_WARN_BLOCK_CAPTURE_AUTORELEASING = YES;
				CLANG_WARN_BOOL_CONVERSION = YES;
				CLANG_WARN_COMMA = YES;
				CLANG_WARN_CONSTANT_CONVERSION = YES;
				CLANG_WARN_DEPRECATED_OBJC_IMPLEMENTATIONS = YES;
				CLANG_WARN_DIRECT_OBJC_ISA_USAGE = YES_ERROR;
				CLANG_WARN_DOCUMENTATION_COMMENTS = YES;
				CLANG_WARN_EMPTY_BODY = YES;
				CLANG_WARN_ENUM_CONVERSION = YES;
				CLANG_WARN_INFINITE_RECURSION = YES;
				CLANG_WARN_INT_CONVERSION = YES;
				CLANG_WARN_NON_LITERAL_NULL_CONVERSION = YES;
				CLANG_WARN_OBJC_IMPLICIT_RETAIN_SELF = YES;
				CLANG_WARN_OBJC_LITERAL_CONVERSION = YES;
				CLANG_WARN_OBJC_ROOT_CLASS = YES_ERROR;
				CLANG_WARN_QUOTED_INCLUDE_IN_FRAMEWORK_HEADER = YES;
				CLANG_WARN_RANGE_LOOP_ANALYSIS = YES;
				CLANG_WARN_STRICT_PROTOTYPES = YES;
				CLANG_WARN_SUSPICIOUS_MOVE = YES;
				CLANG_WARN_UNGUARDED_AVAILABILITY = YES_AGGRESSIVE;
				CLANG_WARN_UNREACHABLE_CODE = YES;
				CLANG_WARN__DUPLICATE_METHOD_MATCH = YES;
				COPY_PHASE_STRIP = NO;
				DEBUG_INFORMATION_FORMAT = "dwarf-with-dsym";
				ENABLE_NS_ASSERTIONS = NO;
				ENABLE_STRICT_OBJC_MSGSEND = YES;
				GCC_C_LANGUAGE_STANDARD = gnu11;
				GCC_NO_COMMON_BLOCKS = YES;
				GCC_WARN_64_TO_32_BIT_CONVERSION = YES;
				GCC_WARN_ABOUT_RETURN_TYPE = YES_ERROR;
				GCC_WARN_UNDECLARED_SELECTOR = YES;
				GCC_WARN_UNINITIALIZED_AUTOS = YES_AGGRESSIVE;
				GCC_WARN_UNUSED_FUNCTION = YES;
				GCC_WARN_UNUSED_VARIABLE = YES;
				MTL_ENABLE_DEBUG_INFO = NO;
				MTL_FAST_MATH = YES;
				PRODUCT_NAME = "$(TARGET_NAME)";
				SDKROOT = macosx;
				SWIFT_COMPILATION_MODE = wholemodule;
				SWIFT_OPTIMIZATION_LEVEL = "-O";
				SWIFT_VERSION = 5.0;
			};
			name = Release;
		};
/* End XCBuildConfiguration section */

/* Begin XCConfigurationList section */
		44B15DF5FB28C05DCF274EC4 /* Build configuration list for PBXProject "TokenUsageWidget" */ = {
			isa = XCConfigurationList;
			buildConfigurations = (
				399519AE465105BDD1AB19B2 /* Debug */,
				DE13F7FA0055E99FDEE3B66C /* Release */,
			);
			defaultConfigurationIsVisible = 0;
			defaultConfigurationName = Debug;
		};
		A27A6DA083E6D8260BDD1BD5 /* Build configuration list for PBXNativeTarget "TokenUsageWidget" */ = {
			isa = XCConfigurationList;
			buildConfigurations = (
				D0ED1F8B25C74A2D9AD51B0E /* Debug */,
				29FA12E50C4215FB2CE654E8 /* Release */,
			);
			defaultConfigurationIsVisible = 0;
			defaultConfigurationName = Debug;
		};
		CC885B016B1CAEDD4AC70C62 /* Build configuration list for PBXNativeTarget "TokenUsageWidgetTests" */ = {
			isa = XCConfigurationList;
			buildConfigurations = (
				BD60B327144A4C6A927FD77A /* Debug */,
				D29B2765366C60FF6421EFE4 /* Release */,
			);
			defaultConfigurationIsVisible = 0;
			defaultConfigurationName = Debug;
		};
/* End XCConfigurationList section */
	};
	rootObject = 91A53B64C348914086A49E52 /* Project object */;
}
